
Microsoft Visual Studio Solution File, Format Version 12.00
# Visual Studio 15
VisualStudioVersion = 15.0.27004.2010
MinimumVisualStudioVersion = 10.0.40219.1
Project("{FAE04EC0-301F-11D3-BF4B-00C04F79EFBC}") = "View", "View\View.csproj", "{C8B912C5-984D-4294-B23B-AEF630523C04}"
EndProject
Project("{FAE04EC0-301F-11D3-BF4B-00C04F79EFBC}") = "Resources", "Resources\Resources.csproj", "{C786154D-C34D-4DAA-94F0-A8A5B46B526B}"
EndProject
Project("{FAE04EC0-301F-11D3-BF4B-00C04F79EFBC}") = "Controller", "Controller\Controller.csproj", "{6F22DF11-C18D-4A50-A7D0-8E653BAF250B}"
EndProject
Project("{FAE04EC0-301F-11D3-BF4B-00C04F79EFBC}") = "NetworkController", "NetworkController\NetworkController.csproj", "{64D77279-ED61-41EB-883B-EA2A7EF17211}"
EndProject
Project("{FAE04EC0-301F-11D3-BF4B-00C04F79EFBC}") = "Vector2D", "Vector2D\Vector2D.csproj", "{B88D64DB-EE02-445C-AAD5-ECE8C19406B4}"
EndProject
Project("{FAE04EC0-301F-11D3-BF4B-00C04F79EFBC}") = "Ship", "Ship\Ship.csproj", "{848891B6-A85A-447C-B0B3-BCC0D1DE532D}"
EndProject
Project("{FAE04EC0-301F-11D3-BF4B-00C04F79EFBC}") = "Projectile", "Projectile\Projectile.csproj", "{1872773C-EE4A-44A9-ADD2-42AC7CD7FAEF}"
EndProject
Project("{FAE04EC0-301F-11D3-BF4B-00C04F79EFBC}") = "Star", "Star\Star.csproj", "{98BE4303-F296-42A3-AB06-69B480AE77A2}"
EndProject
Project("{FAE04EC0-301F-11D3-BF4B-00C04F79EFBC}") = "World", "World\World.csproj", "{581F4CF7-23A9-46DC-B6D4-EE12472047DF}"
EndProject
Project("{FAE04EC0-301F-11D3-BF4B-00C04F79EFBC}") = "Server", "Server\Server.csproj", "{91DDEDFA-3B61-4C9F-9292-7731FCD217A8}"
EndProject
Project("{FAE04EC0-301F-11D3-BF4B-00C04F79EFBC}") = "SpaceWarsTests", "SpaceWarsTests\SpaceWarsTests.csproj", "{1EE45355-9B38-4A50-BC3B-1C5926A5A5CB}"
EndProject
Global
	GlobalSection(SolutionConfigurationPlatforms) = preSolution
		Debug|Any CPU = Debug|Any CPU
		Release|Any CPU = Release|Any CPU
	EndGlobalSection
	GlobalSection(ProjectConfigurationPlatforms) = postSolution
		{C8B912C5-984D-4294-B23B-AEF630523C04}.Debug|Any CPU.ActiveCfg = Debug|Any CPU
		{C8B912C5-984D-4294-B23B-AEF630523C04}.Debug|Any CPU.Build.0 = Debug|Any CPU
		{C8B912C5-984D-4294-B23B-AEF630523C04}.Release|Any CPU.ActiveCfg = Release|Any CPU
		{C8B912C5-984D-4294-B23B-AEF630523C04}.Release|Any CPU.Build.0 = Release|Any CPU
		{C786154D-C34D-4DAA-94F0-A8A5B46B526B}.Debug|Any CPU.ActiveCfg = Debug|Any CPU
		{C786154D-C34D-4DAA-94F0-A8A5B46B526B}.Release|Any CPU.ActiveCfg = Release|Any CPU
		{C786154D-C34D-4DAA-94F0-A8A5B46B526B}.Release|Any CPU.Build.0 = Release|Any CPU
		{6F22DF11-C18D-4A50-A7D0-8E653BAF250B}.Debug|Any CPU.ActiveCfg = Debug|Any CPU
		{6F22DF11-C18D-4A50-A7D0-8E653BAF250B}.Debug|Any CPU.Build.0 = Debug|Any CPU
		{6F22DF11-C18D-4A50-A7D0-8E653BAF250B}.Release|Any CPU.ActiveCfg = Release|Any CPU
		{6F22DF11-C18D-4A50-A7D0-8E653BAF250B}.Release|Any CPU.Build.0 = Release|Any CPU
		{64D77279-ED61-41EB-883B-EA2A7EF17211}.Debug|Any CPU.ActiveCfg = Debug|Any CPU
		{64D77279-ED61-41EB-883B-EA2A7EF17211}.Debug|Any CPU.Build.0 = Debug|Any CPU
		{64D77279-ED61-41EB-883B-EA2A7EF17211}.Release|Any CPU.ActiveCfg = Release|Any CPU
		{64D77279-ED61-41EB-883B-EA2A7EF17211}.Release|Any CPU.Build.0 = Release|Any CPU
		{B88D64DB-EE02-445C-AAD5-ECE8C19406B4}.Debug|Any CPU.ActiveCfg = Debug|Any CPU
		{B88D64DB-EE02-445C-AAD5-ECE8C19406B4}.Debug|Any CPU.Build.0 = Debug|Any CPU
		{B88D64DB-EE02-445C-AAD5-ECE8C19406B4}.Release|Any CPU.ActiveCfg = Release|Any CPU
		{B88D64DB-EE02-445C-AAD5-ECE8C19406B4}.Release|Any CPU.Build.0 = Release|Any CPU
		{848891B6-A85A-447C-B0B3-BCC0D1DE532D}.Debug|Any CPU.ActiveCfg = Debug|Any CPU
		{848891B6-A85A-447C-B0B3-BCC0D1DE532D}.Debug|Any CPU.Build.0 = Debug|Any CPU
		{848891B6-A85A-447C-B0B3-BCC0D1DE532D}.Release|Any CPU.ActiveCfg = Release|Any CPU
		{848891B6-A85A-447C-B0B3-BCC0D1DE532D}.Release|Any CPU.Build.0 = Release|Any CPU
		{1872773C-EE4A-44A9-ADD2-42AC7CD7FAEF}.Debug|Any CPU.ActiveCfg = Debug|Any CPU
		{1872773C-EE4A-44A9-ADD2-42AC7CD7FAEF}.Debug|Any CPU.Build.0 = Debug|Any CPU
		{1872773C-EE4A-44A9-ADD2-42AC7CD7FAEF}.Release|Any CPU.ActiveCfg = Release|Any CPU
		{1872773C-EE4A-44A9-ADD2-42AC7CD7FAEF}.Release|Any CPU.Build.0 = Release|Any CPU
		{98BE4303-F296-42A3-AB06-69B480AE77A2}.Debug|Any CPU.ActiveCfg = Debug|Any CPU
		{98BE4303-F296-42A3-AB06-69B480AE77A2}.Debug|Any CPU.Build.0 = Debug|Any CPU
		{98BE4303-F296-42A3-AB06-69B480AE77A2}.Release|Any CPU.ActiveCfg = Release|Any CPU
		{98BE4303-F296-42A3-AB06-69B480AE77A2}.Release|Any CPU.Build.0 = Release|Any CPU
		{581F4CF7-23A9-46DC-B6D4-EE12472047DF}.Debug|Any CPU.ActiveCfg = Debug|Any CPU
		{581F4CF7-23A9-46DC-B6D4-EE12472047DF}.Debug|Any CPU.Build.0 = Debug|Any CPU
		{581F4CF7-23A9-46DC-B6D4-EE12472047DF}.Release|Any CPU.ActiveCfg = Release|Any CPU
		{581F4CF7-23A9-46DC-B6D4-EE12472047DF}.Release|Any CPU.Build.0 = Release|Any CPU
		{91DDEDFA-3B61-4C9F-9292-7731FCD217A8}.Debug|Any CPU.ActiveCfg = Debug|Any CPU
		{91DDEDFA-3B61-4C9F-9292-7731FCD217A8}.Debug|Any CPU.Build.0 = Debug|Any CPU
		{91DDEDFA-3B61-4C9F-9292-7731FCD217A8}.Release|Any CPU.ActiveCfg = Release|Any CPU
		{91DDEDFA-3B61-4C9F-9292-7731FCD217A8}.Release|Any CPU.Build.0 = Release|Any CPU
		{1EE45355-9B38-4A50-BC3B-1C5926A5A5CB}.Debug|Any CPU.ActiveCfg = Debug|Any CPU
		{1EE45355-9B38-4A50-BC3B-1C5926A5A5CB}.Debug|Any CPU.Build.0 = Debug|Any CPU
		{1EE45355-9B38-4A50-BC3B-1C5926A5A5CB}.Release|Any CPU.ActiveCfg = Release|Any CPU
		{1EE45355-9B38-4A50-BC3B-1C5926A5A5CB}.Release|Any CPU.Build.0 = Release|Any CPU
	EndGlobalSection
	GlobalSection(SolutionProperties) = preSolution
		HideSolutionNode = FALSE
	EndGlobalSection
	GlobalSection(ExtensibilityGlobals) = postSolution
		SolutionGuid = {6C144D72-F3E3-412F-9871-AA3864D3D386}
	EndGlobalSection
EndGlobal
