
Microsoft Visual Studio Solution File, Format Version 12.00
# Visual Studio 15
VisualStudioVersion = 15.0.27004.2002
MinimumVisualStudioVersion = 10.0.40219.1
Project("{FAE04EC0-301F-11D3-BF4B-00C04F79EFBC}") = "View", "View\View.csproj", "{C8B912C5-984D-4294-B23B-AEF630523C04}"
EndProject
Project("{FAE04EC0-301F-11D3-BF4B-00C04F79EFBC}") = "Resources", "Resources\Resources.csproj", "{C786154D-C34D-4DAA-94F0-A8A5B46B526B}"
EndProject
Project("{FAE04EC0-301F-11D3-BF4B-00C04F79EFBC}") = "Controller", "Controller\Controller.csproj", "{6F22DF11-C18D-4A50-A7D0-8E653BAF250B}"
EndProject
Project("{FAE04EC0-301F-11D3-BF4B-00C04F79EFBC}") = "NetworkController", "NetworkController\NetworkController.csproj", "{64D77279-ED61-41EB-883B-EA2A7EF17211}"
EndProject
Global
	GlobalSection(SolutionConfigurationPlatforms) = preSolution
		Debug|Any CPU = Debug|Any CPU
		Release|Any CPU = Release|Any CPU
	EndGlobalSection
	GlobalSection(ProjectConfigurationPlatforms) = postSolution
		{C8B912C5-984D-4294-B23B-AEF630523C04}.Debug|Any CPU.ActiveCfg = Debug|Any CPU
		{C8B912C5-984D-4294-B23B-AEF630523C04}.Debug|Any CPU.Build.0 = Debug|Any CPU
		{C8B912C5-984D-4294-B23B-AEF630523C04}.Release|Any CPU.ActiveCfg = Release|Any CPU
		{C8B912C5-984D-4294-B23B-AEF630523C04}.Release|Any CPU.Build.0 = Release|Any CPU
		{C786154D-C34D-4DAA-94F0-A8A5B46B526B}.Debug|Any CPU.ActiveCfg = Debug|Any CPU
		{C786154D-C34D-4DAA-94F0-A8A5B46B526B}.Release|Any CPU.ActiveCfg = Release|Any CPU
		{C786154D-C34D-4DAA-94F0-A8A5B46B526B}.Release|Any CPU.Build.0 = Release|Any CPU
		{6F22DF11-C18D-4A50-A7D0-8E653BAF250B}.Debug|Any CPU.ActiveCfg = Debug|Any CPU
		{6F22DF11-C18D-4A50-A7D0-8E653BAF250B}.Debug|Any CPU.Build.0 = Debug|Any CPU
		{6F22DF11-C18D-4A50-A7D0-8E653BAF250B}.Release|Any CPU.ActiveCfg = Release|Any CPU
		{6F22DF11-C18D-4A50-A7D0-8E653BAF250B}.Release|Any CPU.Build.0 = Release|Any CPU
		{64D77279-ED61-41EB-883B-EA2A7EF17211}.Debug|Any CPU.ActiveCfg = Debug|Any CPU
		{64D77279-ED61-41EB-883B-EA2A7EF17211}.Debug|Any CPU.Build.0 = Debug|Any CPU
		{64D77279-ED61-41EB-883B-EA2A7EF17211}.Release|Any CPU.ActiveCfg = Release|Any CPU
		{64D77279-ED61-41EB-883B-EA2A7EF17211}.Release|Any CPU.Build.0 = Release|Any CPU
	EndGlobalSection
	GlobalSection(SolutionProperties) = preSolution
		HideSolutionNode = FALSE
	EndGlobalSection
	GlobalSection(ExtensibilityGlobals) = postSolution
		SolutionGuid = {6C144D72-F3E3-412F-9871-AA3864D3D386}
	EndGlobalSection
EndGlobal
