
Microsoft Visual Studio Solution File, Format Version 12.00
# Visual Studio 15
VisualStudioVersion = 15.0.27004.2002
MinimumVisualStudioVersion = 10.0.40219.1
Project("{FAE04EC0-301F-11D3-BF4B-00C04F79EFBC}") = "SpreadsheetGUI", "SpreadsheetGUI\SpreadsheetGUI.csproj", "{708F647F-90F5-4C9F-A8F1-6601F585EBC0}"
EndProject
Project("{FAE04EC0-301F-11D3-BF4B-00C04F79EFBC}") = "Resources", "Resources\Resources.csproj", "{D59ED30A-77B8-4109-9B63-513BE023CAB4}"
EndProject
Global
	GlobalSection(SolutionConfigurationPlatforms) = preSolution
		Debug|Any CPU = Debug|Any CPU
		Release|Any CPU = Release|Any CPU
	EndGlobalSection
	GlobalSection(ProjectConfigurationPlatforms) = postSolution
		{708F647F-90F5-4C9F-A8F1-6601F585EBC0}.Debug|Any CPU.ActiveCfg = Debug|Any CPU
		{708F647F-90F5-4C9F-A8F1-6601F585EBC0}.Debug|Any CPU.Build.0 = Debug|Any CPU
		{708F647F-90F5-4C9F-A8F1-6601F585EBC0}.Release|Any CPU.ActiveCfg = Release|Any CPU
		{708F647F-90F5-4C9F-A8F1-6601F585EBC0}.Release|Any CPU.Build.0 = Release|Any CPU
		{D59ED30A-77B8-4109-9B63-513BE023CAB4}.Debug|Any CPU.ActiveCfg = Debug|Any CPU
		{D59ED30A-77B8-4109-9B63-513BE023CAB4}.Release|Any CPU.ActiveCfg = Release|Any CPU
		{D59ED30A-77B8-4109-9B63-513BE023CAB4}.Release|Any CPU.Build.0 = Release|Any CPU
	EndGlobalSection
	GlobalSection(SolutionProperties) = preSolution
		HideSolutionNode = FALSE
	EndGlobalSection
	GlobalSection(ExtensibilityGlobals) = postSolution
		SolutionGuid = {A7848591-FBCF-425B-8394-C1F6B3E20F39}
	EndGlobalSection
EndGlobal
