
Microsoft Visual Studio Solution File, Format Version 12.00
# Visual Studio 15
VisualStudioVersion = 15.0.26730.8
MinimumVisualStudioVersion = 10.0.40219.1
Project("{FAE04EC0-301F-11D3-BF4B-00C04F79EFBC}") = "Spreadsheet", "Spreadsheet\Spreadsheet.csproj", "{3A288BF4-0982-41AE-BC17-C515DACD21ED}"
EndProject
Project("{FAE04EC0-301F-11D3-BF4B-00C04F79EFBC}") = "Resources", "Resources\Resources.csproj", "{3BF41D91-FD87-4674-91E0-629577486470}"
EndProject
Project("{FAE04EC0-301F-11D3-BF4B-00C04F79EFBC}") = "SpreadsheetTests", "SpreadsheetTests\SpreadsheetTests.csproj", "{2CBC260C-B56E-4679-AD24-F681143E8701}"
EndProject
Global
	GlobalSection(SolutionConfigurationPlatforms) = preSolution
		Debug|Any CPU = Debug|Any CPU
		Release|Any CPU = Release|Any CPU
	EndGlobalSection
	GlobalSection(ProjectConfigurationPlatforms) = postSolution
		{3A288BF4-0982-41AE-BC17-C515DACD21ED}.Debug|Any CPU.ActiveCfg = Debug|Any CPU
		{3A288BF4-0982-41AE-BC17-C515DACD21ED}.Debug|Any CPU.Build.0 = Debug|Any CPU
		{3A288BF4-0982-41AE-BC17-C515DACD21ED}.Release|Any CPU.ActiveCfg = Release|Any CPU
		{3A288BF4-0982-41AE-BC17-C515DACD21ED}.Release|Any CPU.Build.0 = Release|Any CPU
		{3BF41D91-FD87-4674-91E0-629577486470}.Debug|Any CPU.ActiveCfg = Debug|Any CPU
		{3BF41D91-FD87-4674-91E0-629577486470}.Release|Any CPU.ActiveCfg = Release|Any CPU
		{3BF41D91-FD87-4674-91E0-629577486470}.Release|Any CPU.Build.0 = Release|Any CPU
		{2CBC260C-B56E-4679-AD24-F681143E8701}.Debug|Any CPU.ActiveCfg = Debug|Any CPU
		{2CBC260C-B56E-4679-AD24-F681143E8701}.Debug|Any CPU.Build.0 = Debug|Any CPU
		{2CBC260C-B56E-4679-AD24-F681143E8701}.Release|Any CPU.ActiveCfg = Release|Any CPU
		{2CBC260C-B56E-4679-AD24-F681143E8701}.Release|Any CPU.Build.0 = Release|Any CPU
	EndGlobalSection
	GlobalSection(SolutionProperties) = preSolution
		HideSolutionNode = FALSE
	EndGlobalSection
	GlobalSection(ExtensibilityGlobals) = postSolution
		SolutionGuid = {690CEAC8-2C65-47CF-98CA-B05C2EF8364E}
	EndGlobalSection
EndGlobal
